
Microsoft Visual Studio Solution File, Format Version 12.00
# Visual Studio Version 16
VisualStudioVersion = 16.0.32228.343
MinimumVisualStudioVersion = 10.0.40219.1
Project("{FAE04EC0-301F-11D3-BF4B-00C04F79EFBC}") = "InstanceThreadPool", "InstanceThreadPool\InstanceThreadPool.csproj", "{7F1FCA22-B7AD-434E-B6A3-57F92C82E44C}"
EndProject
Project("{FAE04EC0-301F-11D3-BF4B-00C04F79EFBC}") = "InstanceThreadPool.ConsoleTest", "InstanceThreadPool.ConsoleTest\InstanceThreadPool.ConsoleTest.csproj", "{7AD8B4B1-FB67-4E12-A298-EFB59F5EE68F}"
EndProject
Global
	GlobalSection(SolutionConfigurationPlatforms) = preSolution
		Debug|Any CPU = Debug|Any CPU
		Release|Any CPU = Release|Any CPU
	EndGlobalSection
	GlobalSection(ProjectConfigurationPlatforms) = postSolution
		{7F1FCA22-B7AD-434E-B6A3-57F92C82E44C}.Debug|Any CPU.ActiveCfg = Debug|Any CPU
		{7F1FCA22-B7AD-434E-B6A3-57F92C82E44C}.Debug|Any CPU.Build.0 = Debug|Any CPU
		{7F1FCA22-B7AD-434E-B6A3-57F92C82E44C}.Release|Any CPU.ActiveCfg = Release|Any CPU
		{7F1FCA22-B7AD-434E-B6A3-57F92C82E44C}.Release|Any CPU.Build.0 = Release|Any CPU
		{7AD8B4B1-FB67-4E12-A298-EFB59F5EE68F}.Debug|Any CPU.ActiveCfg = Debug|Any CPU
		{7AD8B4B1-FB67-4E12-A298-EFB59F5EE68F}.Debug|Any CPU.Build.0 = Debug|Any CPU
		{7AD8B4B1-FB67-4E12-A298-EFB59F5EE68F}.Release|Any CPU.ActiveCfg = Release|Any CPU
		{7AD8B4B1-FB67-4E12-A298-EFB59F5EE68F}.Release|Any CPU.Build.0 = Release|Any CPU
	EndGlobalSection
	GlobalSection(SolutionProperties) = preSolution
		HideSolutionNode = FALSE
	EndGlobalSection
	GlobalSection(ExtensibilityGlobals) = postSolution
		SolutionGuid = {0A251D07-DDBD-49C6-8E0C-4A1F7A68B0A7}
	EndGlobalSection
EndGlobal
